
Microsoft Visual Studio Solution File, Format Version 12.00
# Visual Studio Version 17
VisualStudioVersion = 17.3.32922.545
MinimumVisualStudioVersion = 10.0.40219.1
Project("{FAE04EC0-301F-11D3-BF4B-00C04F79EFBC}") = "LoginComCadastro", "LoginComCadastro\LoginComCadastro.csproj", "{DDF69F96-0F57-4801-BEA9-61F5BC159341}"
EndProject
Global
	GlobalSection(SolutionConfigurationPlatforms) = preSolution
		Debug|Any CPU = Debug|Any CPU
		Release|Any CPU = Release|Any CPU
	EndGlobalSection
	GlobalSection(ProjectConfigurationPlatforms) = postSolution
		{DDF69F96-0F57-4801-BEA9-61F5BC159341}.Debug|Any CPU.ActiveCfg = Debug|Any CPU
		{DDF69F96-0F57-4801-BEA9-61F5BC159341}.Debug|Any CPU.Build.0 = Debug|Any CPU
		{DDF69F96-0F57-4801-BEA9-61F5BC159341}.Release|Any CPU.ActiveCfg = Release|Any CPU
		{DDF69F96-0F57-4801-BEA9-61F5BC159341}.Release|Any CPU.Build.0 = Release|Any CPU
	EndGlobalSection
	GlobalSection(SolutionProperties) = preSolution
		HideSolutionNode = FALSE
	EndGlobalSection
	GlobalSection(ExtensibilityGlobals) = postSolution
		SolutionGuid = {326563A3-879E-432E-B2F8-33BF8AC435D0}
	EndGlobalSection
EndGlobal
